// !$*UTF8*$!
{
	archiveVersion = 1;
	classes = {
	};
	objectVersion = 46;
	objects = {

/* Begin PBXBuildFile section */
		D3F1416F1D53629700CE416B /* AppDelegate.swift in Sources */ = {isa = PBXBuildFile; fileRef = D3F1416E1D53629700CE416B /* AppDelegate.swift */; };
		D3F141711D53629700CE416B /* ViewController.swift in Sources */ = {isa = PBXBuildFile; fileRef = D3F141701D53629700CE416B /* ViewController.swift */; };
		D3F141741D53629700CE416B /* Main.storyboard in Resources */ = {isa = PBXBuildFile; fileRef = D3F141721D53629700CE416B /* Main.storyboard */; };
		D3F141761D53629700CE416B /* Assets.xcassets in Resources */ = {isa = PBXBuildFile; fileRef = D3F141751D53629700CE416B /* Assets.xcassets */; };
		D3F141791D53629700CE416B /* LaunchScreen.storyboard in Resources */ = {isa = PBXBuildFile; fileRef = D3F141771D53629700CE416B /* LaunchScreen.storyboard */; };
/* End PBXBuildFile section */

/* Begin PBXFileReference section */
		D3F1416B1D53629700CE416B /* iFrogLab_iBeacon.app */ = {isa = PBXFileReference; explicitFileType = wrapper.application; includeInIndex = 0; path = iFrogLab_iBeacon.app; sourceTree = BUILT_PRODUCTS_DIR; };
		D3F1416E1D53629700CE416B /* AppDelegate.swift */ = {isa = PBXFileReference; lastKnownFileType = sourcecode.swift; path = AppDelegate.swift; sourceTree = "<group>"; };
		D3F141701D53629700CE416B /* ViewController.swift */ = {isa = PBXFileReference; lastKnownFileType = sourcecode.swift; path = ViewController.swift; sourceTree = "<group>"; };
		D3F141731D53629700CE416B /* Base */ = {isa = PBXFileReference; lastKnownFileType = file.storyboard; name = Base; path = Base.lproj/Main.storyboard; sourceTree = "<group>"; };
		D3F141751D53629700CE416B /* Assets.xcassets */ = {isa = PBXFileReference; lastKnownFileType = folder.assetcatalog; path = Assets.xcassets; sourceTree = "<group>"; };
		D3F141781D53629700CE416B /* Base */ = {isa = PBXFileReference; lastKnownFileType = file.storyboard; name = Base; path = Base.lproj/LaunchScreen.storyboard; sourceTree = "<group>"; };
		D3F1417A1D53629700CE416B /* Info.plist */ = {isa = PBXFileReference; lastKnownFileType = text.plist.xml; path = Info.plist; sourceTree = "<group>"; };
/* End PBXFileReference section */

/* Begin PBXFrameworksBuildPhase section */
		D3F141681D53629700CE416B /* Frameworks */ = {
			isa = PBXFrameworksBuildPhase;
			buildActionMask = 2147483647;
			files = (
			);
			runOnlyForDeploymentPostprocessing = 0;
		};
/* End PBXFrameworksBuildPhase section */

/* Begin PBXGroup section */
		D3F141621D53629700CE416B = {
			isa = PBXGroup;
			children = (
				D3F1416D1D53629700CE416B /* iFrogLab_iBeacon */,
				D3F1416C1D53629700CE416B /* Products */,
			);
			sourceTree = "<group>";
		};
		D3F1416C1D53629700CE416B /* Products */ = {
			isa = PBXGroup;
			children = (
				D3F1416B1D53629700CE416B /* iFrogLab_iBeacon.app */,
			);
			name = Products;
			sourceTree = "<group>";
		};
		D3F1416D1D53629700CE416B /* iFrogLab_iBeacon */ = {
			isa = PBXGroup;
			children = (
				D3F1416E1D53629700CE416B /* AppDelegate.swift */,
				D3F141701D53629700CE416B /* ViewController.swift */,
				D3F141721D53629700CE416B /* Main.storyboard */,
				D3F141751D53629700CE416B /* Assets.xcassets */,
				D3F141771D53629700CE416B /* LaunchScreen.storyboard */,
				D3F1417A1D53629700CE416B /* Info.plist */,
			);
			path = iFrogLab_iBeacon;
			sourceTree = "<group>";
		};
/* End PBXGroup section */

/* Begin PBXNativeTarget section */
		D3F1416A1D53629700CE416B /* iFrogLab_iBeacon */ = {
			isa = PBXNativeTarget;
			buildConfigurationList = D3F1417D1D53629700CE416B /* Build configuration list for PBXNativeTarget "iFrogLab_iBeacon" */;
			buildPhases = (
				D3F141671D53629700CE416B /* Sources */,
				D3F141681D53629700CE416B /* Frameworks */,
				D3F141691D53629700CE416B /* Resources */,
			);
			buildRules = (
			);
			dependencies = (
			);
			name = iFrogLab_iBeacon;
			productName = iFrogLab_iBeacon;
			productReference = D3F1416B1D53629700CE416B /* iFrogLab_iBeacon.app */;
			productType = "com.apple.product-type.application";
		};
/* End PBXNativeTarget section */

/* Begin PBXProject section */
		D3F141631D53629700CE416B /* Project object */ = {
			isa = PBXProject;
			attributes = {
				LastSwiftUpdateCheck = 0730;
				LastUpgradeCheck = 0730;
				ORGANIZATIONNAME = "Powen Ko";
				TargetAttributes = {
					D3F1416A1D53629700CE416B = {
						CreatedOnToolsVersion = 7.3.1;
					};
				};
			};
			buildConfigurationList = D3F141661D53629700CE416B /* Build configuration list for PBXProject "iFrogLab_iBeacon" */;
			compatibilityVersion = "Xcode 3.2";
			developmentRegion = English;
			hasScannedForEncodings = 0;
			knownRegions = (
				en,
				Base,
			);
			mainGroup = D3F141621D53629700CE416B;
			productRefGroup = D3F1416C1D53629700CE416B /* Products */;
			projectDirPath = "";
			projectRoot = "";
			targets = (
				D3F1416A1D53629700CE416B /* iFrogLab_iBeacon */,
			);
		};
/* End PBXProject section */

/* Begin PBXResourcesBuildPhase section */
		D3F141691D53629700CE416B /* Resources */ = {
			isa = PBXResourcesBuildPhase;
			buildActionMask = 2147483647;
			files = (
				D3F141791D53629700CE416B /* LaunchScreen.storyboard in Resources */,
				D3F141761D53629700CE416B /* Assets.xcassets in Resources */,
				D3F141741D53629700CE416B /* Main.storyboard in Resources */,
			);
			runOnlyForDeploymentPostprocessing = 0;
		};
/* End PBXResourcesBuildPhase section */

/* Begin PBXSourcesBuildPhase section */
		D3F141671D53629700CE416B /* Sources */ = {
			isa = PBXSourcesBuildPhase;
			buildActionMask = 2147483647;
			files = (
				D3F141711D53629700CE416B /* ViewController.swift in Sources */,
				D3F1416F1D53629700CE416B /* AppDelegate.swift in Sources */,
			);
			runOnlyForDeploymentPostprocessing = 0;
		};
/* End PBXSourcesBuildPhase section */

/* Begin PBXVariantGroup section */
		D3F141721D53629700CE416B /* Main.storyboard */ = {
			isa = PBXVariantGroup;
			children = (
				D3F141731D53629700CE416B /* Base */,
			);
			name = Main.storyboard;
			sourceTree = "<group>";
		};
		D3F141771D53629700CE416B /* LaunchScreen.storyboard */ = {
			isa = PBXVariantGroup;
			children = (
				D3F141781D53629700CE416B /* Base */,
			);
			name = LaunchScreen.storyboard;
			sourceTree = "<group>";
		};
/* End PBXVariantGroup section */

/* Begin XCBuildConfiguration section */
		D3F1417B1D53629700CE416B /* Debug */ = {
			isa = XCBuildConfiguration;
			buildSettings = {
				ALWAYS_SEARCH_USER_PATHS = NO;
				CLANG_ANALYZER_NONNULL = YES;
				CLANG_CXX_LANGUAGE_STANDARD = "gnu++0x";
				CLANG_CXX_LIBRARY = "libc++";
				CLANG_ENABLE_MODULES = YES;
				CLANG_ENABLE_OBJC_ARC = YES;
				CLANG_WARN_BOOL_CONVERSION = YES;
				CLANG_WARN_CONSTANT_CONVERSION = YES;
				CLANG_WARN_DIRECT_OBJC_ISA_USAGE = YES_ERROR;
				CLANG_WARN_EMPTY_BODY = YES;
				CLANG_WARN_ENUM_CONVERSION = YES;
				CLANG_WARN_INT_CONVERSION = YES;
				CLANG_WARN_OBJC_ROOT_CLASS = YES_ERROR;
				CLANG_WARN_UNREACHABLE_CODE = YES;
				CLANG_WARN__DUPLICATE_METHOD_MATCH = YES;
				"CODE_SIGN_IDENTITY[sdk=iphoneos*]" = "iPhone Developer";
				COPY_PHASE_STRIP = NO;
				DEBUG_INFORMATION_FORMAT = dwarf;
				ENABLE_STRICT_OBJC_MSGSEND = YES;
				ENABLE_TESTABILITY = YES;
				GCC_C_LANGUAGE_STANDARD = gnu99;
				GCC_DYNAMIC_NO_PIC = NO;
				GCC_NO_COMMON_BLOCKS = YES;
				GCC_OPTIMIZATION_LEVEL = 0;
				GCC_PREPROCESSOR_DEFINITIONS = (
					"DEBUG=1",
					"$(inherited)",
				);
				GCC_WARN_64_TO_32_BIT_CONVERSION = YES;
				GCC_WARN_ABOUT_RETURN_TYPE = YES_ERROR;
				GCC_WARN_UNDECLARED_SELECTOR = YES;
				GCC_WARN_UNINITIALIZED_AUTOS = YES_AGGRESSIVE;
				GCC_WARN_UNUSED_FUNCTION = YES;
				GCC_WARN_UNUSED_VARIABLE = YES;
				IPHONEOS_DEPLOYMENT_TARGET = 9.3;
				MTL_ENABLE_DEBUG_INFO = YES;
				ONLY_ACTIVE_ARCH = YES;
				SDKROOT = iphoneos;
				SWIFT_OPTIMIZATION_LEVEL = "-Onone";
			};
			name = Debug;
		};
		D3F1417C1D53629700CE416B /* Release */ = {
			isa = XCBuildConfiguration;
			buildSettings = {
				ALWAYS_SEARCH_USER_PATHS = NO;
				CLANG_ANALYZER_NONNULL = YES;
				CLANG_CXX_LANGUAGE_STANDARD = "gnu++0x";
				CLANG_CXX_LIBRARY = "libc++";
				CLANG_ENABLE_MODULES = YES;
				CLANG_ENABLE_OBJC_ARC = YES;
				CLANG_WARN_BOOL_CONVERSION = YES;
				CLANG_WARN_CONSTANT_CONVERSION = YES;
				CLANG_WARN_DIRECT_OBJC_ISA_USAGE = YES_ERROR;
				CLANG_WARN_EMPTY_BODY = YES;
				CLANG_WARN_ENUM_CONVERSION = YES;
				CLANG_WARN_INT_CONVERSION = YES;
				CLANG_WARN_OBJC_ROOT_CLASS = YES_ERROR;
				CLANG_WARN_UNREACHABLE_CODE = YES;
				CLANG_WARN__DUPLICATE_METHOD_MATCH = YES;
				"CODE_SIGN_IDENTITY[sdk=iphoneos*]" = "iPhone Developer";
				COPY_PHASE_STRIP = NO;
				DEBUG_INFORMATION_FORMAT = "dwarf-with-dsym";
				ENABLE_NS_ASSERTIONS = NO;
				ENABLE_STRICT_OBJC_MSGSEND = YES;
				GCC_C_LANGUAGE_STANDARD = gnu99;
				GCC_NO_COMMON_BLOCKS = YES;
				GCC_WARN_64_TO_32_BIT_CONVERSION = YES;
				GCC_WARN_ABOUT_RETURN_TYPE = YES_ERROR;
				GCC_WARN_UNDECLARED_SELECTOR = YES;
				GCC_WARN_UNINITIALIZED_AUTOS = YES_AGGRESSIVE;
				GCC_WARN_UNUSED_FUNCTION = YES;
				GCC_WARN_UNUSED_VARIABLE = YES;
				IPHONEOS_DEPLOYMENT_TARGET = 9.3;
				MTL_ENABLE_DEBUG_INFO = NO;
				SDKROOT = iphoneos;
				VALIDATE_PRODUCT = YES;
			};
			name = Release;
		};
		D3F1417E1D53629700CE416B /* Debug */ = {
			isa = XCBuildConfiguration;
			buildSettings = {
				ASSETCATALOG_COMPILER_APPICON_NAME = AppIcon;
				INFOPLIST_FILE = iFrogLab_iBeacon/Info.plist;
				LD_RUNPATH_SEARCH_PATHS = "$(inherited) @executable_path/Frameworks";
				PRODUCT_BUNDLE_IDENTIFIER = "com.powenko.iFrogLab-iBeacon";
				PRODUCT_NAME = "$(TARGET_NAME)";
			};
			name = Debug;
		};
		D3F1417F1D53629700CE416B /* Release */ = {
			isa = XCBuildConfiguration;
			buildSettings = {
				ASSETCATALOG_COMPILER_APPICON_NAME = AppIcon;
				INFOPLIST_FILE = iFrogLab_iBeacon/Info.plist;
				LD_RUNPATH_SEARCH_PATHS = "$(inherited) @executable_path/Frameworks";
				PRODUCT_BUNDLE_IDENTIFIER = "com.powenko.iFrogLab-iBeacon";
				PRODUCT_NAME = "$(TARGET_NAME)";
			};
			name = Release;
		};
/* End XCBuildConfiguration section */

/* Begin XCConfigurationList section */
		D3F141661D53629700CE416B /* Build configuration list for PBXProject "iFrogLab_iBeacon" */ = {
			isa = XCConfigurationList;
			buildConfigurations = (
				D3F1417B1D53629700CE416B /* Debug */,
				D3F1417C1D53629700CE416B /* Release */,
			);
			defaultConfigurationIsVisible = 0;
			defaultConfigurationName = Release;
		};
		D3F1417D1D53629700CE416B /* Build configuration list for PBXNativeTarget "iFrogLab_iBeacon" */ = {
			isa = XCConfigurationList;
			buildConfigurations = (
				D3F1417E1D53629700CE416B /* Debug */,
				D3F1417F1D53629700CE416B /* Release */,
			);
			defaultConfigurationIsVisible = 0;
		};
/* End XCConfigurationList section */
	};
	rootObject = D3F141631D53629700CE416B /* Project object */;
}
